
Microsoft Visual Studio Solution File, Format Version 12.00
Project("{FAE04EC0-301F-11D3-BF4B-00C04F79EFBC}") = "PlanetwideMining", "PlanetwideMining\PlanetwideMining.csproj", "{5382EB65-83EA-4982-A2EF-4DCA92159BE8}"
EndProject
Global
	GlobalSection(SolutionConfigurationPlatforms) = preSolution
		Debug|Any CPU = Debug|Any CPU
		Release|Any CPU = Release|Any CPU
	EndGlobalSection
	GlobalSection(ProjectConfigurationPlatforms) = postSolution
		{5382EB65-83EA-4982-A2EF-4DCA92159BE8}.Debug|Any CPU.ActiveCfg = Debug|Any CPU
		{5382EB65-83EA-4982-A2EF-4DCA92159BE8}.Debug|Any CPU.Build.0 = Debug|Any CPU
		{5382EB65-83EA-4982-A2EF-4DCA92159BE8}.Release|Any CPU.ActiveCfg = Release|Any CPU
		{5382EB65-83EA-4982-A2EF-4DCA92159BE8}.Release|Any CPU.Build.0 = Release|Any CPU
	EndGlobalSection
EndGlobal
